# This file is autogenerated, do not edit; changes may be undone by the next 'dep ensure'.


[[projects]]
  name = "github.com/go-chi/chi"
  packages = [
    ".",
    "middleware"
  ]
  revision = "e83ac2304db3c50cf03d96a2fcd39009d458bc35"
  version = "v3.3.2"

[[projects]]
  branch = "(default)"
  name = "labix.org/v2/mgo"
  packages = [
    ".",
    "bson",
    "sasl"
  ]
  revision = "gustavo@niemeyer.net-20140701140051-90be2tvk93pcczzi"

[solve-meta]
  analyzer-name = "dep"
  analyzer-version = 1
  inputs-digest = "181f394f9b09efa82b3ecdd770089c1c573a8153e7da0590e21991a92274133a"
  solver-name = "gps-cdcl"
  solver-version = 1
